
Microsoft Visual Studio Solution File, Format Version 12.00
# Visual Studio Version 17
VisualStudioVersion = 17.1.32414.318
MinimumVisualStudioVersion = 10.0.40219.1
Project("{9A19103F-16F7-4668-BE54-9A1E7A4F7556}") = "Archie.Api", "src\Api\Archie.Api.csproj", "{0F443A36-8BA9-4EC5-A63A-B8CBB94EF8CB}"
EndProject
Project("{9A19103F-16F7-4668-BE54-9A1E7A4F7556}") = "Archie.Shared", "src\Shared\Archie.Shared.csproj", "{410C5D76-6D00-4F75-9D01-F8792F2F6148}"
EndProject
Project("{9A19103F-16F7-4668-BE54-9A1E7A4F7556}") = "Archie.WebUI", "src\WebUI\Archie.WebUI.csproj", "{3BE417F3-5809-440A-991A-1276C40211B8}"
EndProject
Project("{FAE04EC0-301F-11D3-BF4B-00C04F79EFBC}") = "Archie.Application", "src\Archie.Application\Archie.Application.csproj", "{83789ACF-CE47-49B1-A24D-22D5E5B3644C}"
EndProject
Global
	GlobalSection(SolutionConfigurationPlatforms) = preSolution
		Debug|Any CPU = Debug|Any CPU
		Release|Any CPU = Release|Any CPU
	EndGlobalSection
	GlobalSection(ProjectConfigurationPlatforms) = postSolution
		{0F443A36-8BA9-4EC5-A63A-B8CBB94EF8CB}.Debug|Any CPU.ActiveCfg = Debug|Any CPU
		{0F443A36-8BA9-4EC5-A63A-B8CBB94EF8CB}.Debug|Any CPU.Build.0 = Debug|Any CPU
		{0F443A36-8BA9-4EC5-A63A-B8CBB94EF8CB}.Release|Any CPU.ActiveCfg = Release|Any CPU
		{0F443A36-8BA9-4EC5-A63A-B8CBB94EF8CB}.Release|Any CPU.Build.0 = Release|Any CPU
		{410C5D76-6D00-4F75-9D01-F8792F2F6148}.Debug|Any CPU.ActiveCfg = Debug|Any CPU
		{410C5D76-6D00-4F75-9D01-F8792F2F6148}.Debug|Any CPU.Build.0 = Debug|Any CPU
		{410C5D76-6D00-4F75-9D01-F8792F2F6148}.Release|Any CPU.ActiveCfg = Release|Any CPU
		{410C5D76-6D00-4F75-9D01-F8792F2F6148}.Release|Any CPU.Build.0 = Release|Any CPU
		{3BE417F3-5809-440A-991A-1276C40211B8}.Debug|Any CPU.ActiveCfg = Debug|Any CPU
		{3BE417F3-5809-440A-991A-1276C40211B8}.Debug|Any CPU.Build.0 = Debug|Any CPU
		{3BE417F3-5809-440A-991A-1276C40211B8}.Release|Any CPU.ActiveCfg = Release|Any CPU
		{3BE417F3-5809-440A-991A-1276C40211B8}.Release|Any CPU.Build.0 = Release|Any CPU
		{83789ACF-CE47-49B1-A24D-22D5E5B3644C}.Debug|Any CPU.ActiveCfg = Debug|Any CPU
		{83789ACF-CE47-49B1-A24D-22D5E5B3644C}.Debug|Any CPU.Build.0 = Debug|Any CPU
		{83789ACF-CE47-49B1-A24D-22D5E5B3644C}.Release|Any CPU.ActiveCfg = Release|Any CPU
		{83789ACF-CE47-49B1-A24D-22D5E5B3644C}.Release|Any CPU.Build.0 = Release|Any CPU
	EndGlobalSection
	GlobalSection(SolutionProperties) = preSolution
		HideSolutionNode = FALSE
	EndGlobalSection
	GlobalSection(ExtensibilityGlobals) = postSolution
		SolutionGuid = {4AE63478-1142-411F-85C9-830F1BDB879A}
	EndGlobalSection
EndGlobal
